
Microsoft Visual Studio Solution File, Format Version 12.00
# Visual Studio Version 17
VisualStudioVersion = 17.14.36811.4 d17.14
MinimumVisualStudioVersion = 10.0.40219.1
Project("{FAE04EC0-301F-11D3-BF4B-00C04F79EFBC}") = "Application_2", "Application_2\Application_2.csproj", "{1FCDA861-5D02-49E3-8EB1-C8BBA93DF3DD}"
EndProject
Global
	GlobalSection(SolutionConfigurationPlatforms) = preSolution
		Debug|Any CPU = Debug|Any CPU
		Release|Any CPU = Release|Any CPU
	EndGlobalSection
	GlobalSection(ProjectConfigurationPlatforms) = postSolution
		{1FCDA861-5D02-49E3-8EB1-C8BBA93DF3DD}.Debug|Any CPU.ActiveCfg = Debug|Any CPU
		{1FCDA861-5D02-49E3-8EB1-C8BBA93DF3DD}.Debug|Any CPU.Build.0 = Debug|Any CPU
		{1FCDA861-5D02-49E3-8EB1-C8BBA93DF3DD}.Release|Any CPU.ActiveCfg = Release|Any CPU
		{1FCDA861-5D02-49E3-8EB1-C8BBA93DF3DD}.Release|Any CPU.Build.0 = Release|Any CPU
	EndGlobalSection
	GlobalSection(SolutionProperties) = preSolution
		HideSolutionNode = FALSE
	EndGlobalSection
	GlobalSection(ExtensibilityGlobals) = postSolution
		SolutionGuid = {CFF2CF91-FCA6-4208-9485-3A196EF56202}
	EndGlobalSection
EndGlobal
