
Microsoft Visual Studio Solution File, Format Version 12.00
# Visual Studio Version 17
VisualStudioVersion = 17.14.36616.10 d17.14
MinimumVisualStudioVersion = 10.0.40219.1
Project("{FAE04EC0-301F-11D3-BF4B-00C04F79EFBC}") = "EmployeeManagementSystem", "EmployeeManagementSystem\EmployeeManagementSystem.csproj", "{983E4BFD-E70F-48AE-B776-0390A869D4C6}"
EndProject
Global
	GlobalSection(SolutionConfigurationPlatforms) = preSolution
		Debug|Any CPU = Debug|Any CPU
		Release|Any CPU = Release|Any CPU
	EndGlobalSection
	GlobalSection(ProjectConfigurationPlatforms) = postSolution
		{983E4BFD-E70F-48AE-B776-0390A869D4C6}.Debug|Any CPU.ActiveCfg = Debug|Any CPU
		{983E4BFD-E70F-48AE-B776-0390A869D4C6}.Debug|Any CPU.Build.0 = Debug|Any CPU
		{983E4BFD-E70F-48AE-B776-0390A869D4C6}.Release|Any CPU.ActiveCfg = Release|Any CPU
		{983E4BFD-E70F-48AE-B776-0390A869D4C6}.Release|Any CPU.Build.0 = Release|Any CPU
	EndGlobalSection
	GlobalSection(SolutionProperties) = preSolution
		HideSolutionNode = FALSE
	EndGlobalSection
	GlobalSection(ExtensibilityGlobals) = postSolution
		SolutionGuid = {EACDB0FF-E363-4C10-A5F3-33975EE5F64B}
	EndGlobalSection
EndGlobal
