
Microsoft Visual Studio Solution File, Format Version 12.00
# Visual Studio Version 17
VisualStudioVersion = 17.14.36616.10
MinimumVisualStudioVersion = 10.0.40219.1
Project("{FAE04EC0-301F-11D3-BF4B-00C04F79EFBC}") = "CC1", "UtilityBillingSystem\CC1.csproj", "{5D61E83B-B9D9-4223-BF7C-DF719F05841D}"
EndProject
Global
	GlobalSection(SolutionConfigurationPlatforms) = preSolution
		Debug|Any CPU = Debug|Any CPU
		Release|Any CPU = Release|Any CPU
	EndGlobalSection
	GlobalSection(ProjectConfigurationPlatforms) = postSolution
		{5D61E83B-B9D9-4223-BF7C-DF719F05841D}.Debug|Any CPU.ActiveCfg = Debug|Any CPU
		{5D61E83B-B9D9-4223-BF7C-DF719F05841D}.Debug|Any CPU.Build.0 = Debug|Any CPU
		{5D61E83B-B9D9-4223-BF7C-DF719F05841D}.Release|Any CPU.ActiveCfg = Release|Any CPU
		{5D61E83B-B9D9-4223-BF7C-DF719F05841D}.Release|Any CPU.Build.0 = Release|Any CPU
	EndGlobalSection
	GlobalSection(SolutionProperties) = preSolution
		HideSolutionNode = FALSE
	EndGlobalSection
	GlobalSection(ExtensibilityGlobals) = postSolution
		SolutionGuid = {978A5760-4E65-4899-B243-E462421C6873}
	EndGlobalSection
EndGlobal
