
Microsoft Visual Studio Solution File, Format Version 12.00
# Visual Studio Version 17
VisualStudioVersion = 17.14.36811.4 d17.14
MinimumVisualStudioVersion = 10.0.40219.1
Project("{FAE04EC0-301F-11D3-BF4B-00C04F79EFBC}") = "CC9", "CC9\CC9.csproj", "{EAB6F8B9-5B1F-4396-BF17-1D3891B9808D}"
EndProject
Global
	GlobalSection(SolutionConfigurationPlatforms) = preSolution
		Debug|Any CPU = Debug|Any CPU
		Release|Any CPU = Release|Any CPU
	EndGlobalSection
	GlobalSection(ProjectConfigurationPlatforms) = postSolution
		{EAB6F8B9-5B1F-4396-BF17-1D3891B9808D}.Debug|Any CPU.ActiveCfg = Debug|Any CPU
		{EAB6F8B9-5B1F-4396-BF17-1D3891B9808D}.Debug|Any CPU.Build.0 = Debug|Any CPU
		{EAB6F8B9-5B1F-4396-BF17-1D3891B9808D}.Release|Any CPU.ActiveCfg = Release|Any CPU
		{EAB6F8B9-5B1F-4396-BF17-1D3891B9808D}.Release|Any CPU.Build.0 = Release|Any CPU
	EndGlobalSection
	GlobalSection(SolutionProperties) = preSolution
		HideSolutionNode = FALSE
	EndGlobalSection
	GlobalSection(ExtensibilityGlobals) = postSolution
		SolutionGuid = {1D117315-EF75-4A6F-B4B1-CDF0B3DD2EBD}
	EndGlobalSection
EndGlobal
