
Microsoft Visual Studio Solution File, Format Version 12.00
# Visual Studio Version 17
VisualStudioVersion = 17.14.36811.4 d17.14
MinimumVisualStudioVersion = 10.0.40219.1
Project("{FAE04EC0-301F-11D3-BF4B-00C04F79EFBC}") = "MiniProject", "MiniProject\MiniProject.csproj", "{8018D673-046E-467D-B45C-99936264E586}"
EndProject
Global
	GlobalSection(SolutionConfigurationPlatforms) = preSolution
		Debug|Any CPU = Debug|Any CPU
		Release|Any CPU = Release|Any CPU
	EndGlobalSection
	GlobalSection(ProjectConfigurationPlatforms) = postSolution
		{8018D673-046E-467D-B45C-99936264E586}.Debug|Any CPU.ActiveCfg = Debug|Any CPU
		{8018D673-046E-467D-B45C-99936264E586}.Debug|Any CPU.Build.0 = Debug|Any CPU
		{8018D673-046E-467D-B45C-99936264E586}.Release|Any CPU.ActiveCfg = Release|Any CPU
		{8018D673-046E-467D-B45C-99936264E586}.Release|Any CPU.Build.0 = Release|Any CPU
	EndGlobalSection
	GlobalSection(SolutionProperties) = preSolution
		HideSolutionNode = FALSE
	EndGlobalSection
	GlobalSection(ExtensibilityGlobals) = postSolution
		SolutionGuid = {DD8CFBC8-D5C9-41D7-834C-41BAC21428F0}
	EndGlobalSection
EndGlobal
