
Microsoft Visual Studio Solution File, Format Version 12.00
# Visual Studio Version 17
VisualStudioVersion = 17.14.36811.4 d17.14
MinimumVisualStudioVersion = 10.0.40219.1
Project("{FAE04EC0-301F-11D3-BF4B-00C04F79EFBC}") = "CC9-2", "CC9-2\CC9-2.csproj", "{02FF80CD-D995-4C59-8F88-DBD6B7003C61}"
EndProject
Global
	GlobalSection(SolutionConfigurationPlatforms) = preSolution
		Debug|Any CPU = Debug|Any CPU
		Release|Any CPU = Release|Any CPU
	EndGlobalSection
	GlobalSection(ProjectConfigurationPlatforms) = postSolution
		{02FF80CD-D995-4C59-8F88-DBD6B7003C61}.Debug|Any CPU.ActiveCfg = Debug|Any CPU
		{02FF80CD-D995-4C59-8F88-DBD6B7003C61}.Debug|Any CPU.Build.0 = Debug|Any CPU
		{02FF80CD-D995-4C59-8F88-DBD6B7003C61}.Release|Any CPU.ActiveCfg = Release|Any CPU
		{02FF80CD-D995-4C59-8F88-DBD6B7003C61}.Release|Any CPU.Build.0 = Release|Any CPU
	EndGlobalSection
	GlobalSection(SolutionProperties) = preSolution
		HideSolutionNode = FALSE
	EndGlobalSection
	GlobalSection(ExtensibilityGlobals) = postSolution
		SolutionGuid = {45B8C796-6231-45AC-89D9-F731FF72CAEF}
	EndGlobalSection
EndGlobal
